# This file is autogenerated by pip-compile with Python 3.11
# To update, run: pip-compile requirements.txt --output-file requirements.lock
# Pinned versions for reproducible builds - generated from requirements.txt

# Web Framework
fastapi==0.137.1
starlette==1.3.1
uvicorn[standard]==0.49.0
pydantic[email]==2.4.0
email-validator==2.0.0
typing-extensions==4.9.0
annotated-types==0.6.0

# Web Framework Dependencies
httptools==0.6.1
websockets==12.0
python-multipart==0.0.32

# Core AI/ML Dependencies
transformers==4.35.0
torch==2.0.0
spacy==3.5.0
nltk==3.9
scikit-learn==1.3.0
numpy==1.26.3
scipy==1.11.4
joblib==1.3.2
threadpoolctl==3.2.0

# ML Model Tokenizers & Utils
tokenizers==0.14.1
safetensors==0.4.1
huggingface-hub==0.19.4
filelock==3.13.1
requests==2.32.2
tqdm==4.66.1
pyyaml==6.0.1

# Supabase Integration
supabase==2.0.0
psycopg2-binary==2.9.9

# Data Processing & Parsing
feedparser==6.0.0
beautifulsoup4==4.12.0
lxml==4.9.0
python-dateutil==2.8.0
python-dotenv==1.0.0
soupsieve==2.5

# Background Processing
celery==5.3.0
redis==5.0.0
click==8.1.7
kombu==5.3.2
vine==5.0.0
pytz==2023.3
tzlocal==5.2

# Geospatial
geopy==2.4.0

# Rate Limiting & Security
slowapi==0.1.9
limits==3.7.0

# AWS Services
boto3==1.26.0
botocore==1.29.0
s3transfer==0.6.1
jmespath==1.0.1
urllib3==2.6.3

# Field-Level Encryption (PII Protection)
cryptography==46.0.5
cffi==1.16.0
pycparser==2.21

# Server-Sent Events
sse-starlette==1.6.1

# PDF & Image Processing
reportlab==4.0.0
pillow==10.0.0

# Additional Security/Stability Pinning
zipp==3.19.1
dnspython==2.6.1

# Testing
pytest==7.4.0
pytest-cov==4.1.0
pytest-asyncio==0.21.0
httpx==0.25.0
coverage==7.3.2

# Code Quality
black==23.11.0
flake8==6.1.0
pycodestyle==2.11.1
pyflakes==3.1.0
mccabe==0.7.0

# Indirect Dependencies (explicitly pinned for security)
charset-normalizer==3.3.2
idna==3.6
certifi==2023.7.22
